Microsoft Visual Studio Solution File, Format Version 12.00
# Visual Studio 2012
Project("{FAE04EC0-301F-11D3-BF4B-00C04F79EFBC}") = "Godot", "Godot.csproj", "{854921A9-A44C-4861-94EC-B04B9671D765}"
EndProject
Global
	GlobalSection(SolutionConfigurationPlatforms) = preSolution
	Debug|Any CPU = Debug|Any CPU
	ExportDebug|Any CPU = ExportDebug|Any CPU
	ExportRelease|Any CPU = ExportRelease|Any CPU
	EndGlobalSection
	GlobalSection(ProjectConfigurationPlatforms) = postSolution
		{854921A9-A44C-4861-94EC-B04B9671D765}.Debug|Any CPU.ActiveCfg = Debug|Any CPU
		{854921A9-A44C-4861-94EC-B04B9671D765}.Debug|Any CPU.Build.0 = Debug|Any CPU
		{854921A9-A44C-4861-94EC-B04B9671D765}.ExportDebug|Any CPU.ActiveCfg = ExportDebug|Any CPU
		{854921A9-A44C-4861-94EC-B04B9671D765}.ExportDebug|Any CPU.Build.0 = ExportDebug|Any CPU
		{854921A9-A44C-4861-94EC-B04B9671D765}.ExportRelease|Any CPU.ActiveCfg = ExportRelease|Any CPU
		{854921A9-A44C-4861-94EC-B04B9671D765}.ExportRelease|Any CPU.Build.0 = ExportRelease|Any CPU
	EndGlobalSection
EndGlobal
